
Microsoft Visual Studio Solution File, Format Version 12.00
# Visual Studio 15
VisualStudioVersion = 15.0.27428.2037
MinimumVisualStudioVersion = 10.0.40219.1
Project("{FAE04EC0-301F-11D3-BF4B-00C04F79EFBC}") = "Winform.Demo", "WinForm.Demo\Winform.Demo.csproj", "{A57E237B-B38A-4ACF-A374-455739849886}"
EndProject
Global
	GlobalSection(SolutionConfigurationPlatforms) = preSolution
		Debug|Any CPU = Debug|Any CPU
		Release|Any CPU = Release|Any CPU
	EndGlobalSection
	GlobalSection(ProjectConfigurationPlatforms) = postSolution
		{A57E237B-B38A-4ACF-A374-455739849886}.Debug|Any CPU.ActiveCfg = Debug|Any CPU
		{A57E237B-B38A-4ACF-A374-455739849886}.Debug|Any CPU.Build.0 = Debug|Any CPU
		{A57E237B-B38A-4ACF-A374-455739849886}.Release|Any CPU.ActiveCfg = Release|Any CPU
		{A57E237B-B38A-4ACF-A374-455739849886}.Release|Any CPU.Build.0 = Release|Any CPU
	EndGlobalSection
	GlobalSection(SolutionProperties) = preSolution
		HideSolutionNode = FALSE
	EndGlobalSection
	GlobalSection(ExtensibilityGlobals) = postSolution
		SolutionGuid = {7C9C3323-530E-4CD8-963A-2FCB807665E4}
	EndGlobalSection
EndGlobal
